
Microsoft Visual Studio Solution File, Format Version 12.00
# Visual Studio Version 16
VisualStudioVersion = 16.0.32002.261
MinimumVisualStudioVersion = 10.0.40219.1
Project("{FAE04EC0-301F-11D3-BF4B-00C04F79EFBC}") = "ConsoleLab5_3", "ConsoleLab5_3\ConsoleLab5_3.csproj", "{07F044D0-9C7C-4A11-8759-3C80115C4427}"
EndProject
Global
	GlobalSection(SolutionConfigurationPlatforms) = preSolution
		Debug|Any CPU = Debug|Any CPU
		Release|Any CPU = Release|Any CPU
	EndGlobalSection
	GlobalSection(ProjectConfigurationPlatforms) = postSolution
		{07F044D0-9C7C-4A11-8759-3C80115C4427}.Debug|Any CPU.ActiveCfg = Debug|Any CPU
		{07F044D0-9C7C-4A11-8759-3C80115C4427}.Debug|Any CPU.Build.0 = Debug|Any CPU
		{07F044D0-9C7C-4A11-8759-3C80115C4427}.Release|Any CPU.ActiveCfg = Release|Any CPU
		{07F044D0-9C7C-4A11-8759-3C80115C4427}.Release|Any CPU.Build.0 = Release|Any CPU
	EndGlobalSection
	GlobalSection(SolutionProperties) = preSolution
		HideSolutionNode = FALSE
	EndGlobalSection
	GlobalSection(ExtensibilityGlobals) = postSolution
		SolutionGuid = {E9638C61-A1FB-4D8A-993D-74363FF7FB7D}
	EndGlobalSection
EndGlobal
